
Microsoft Visual Studio Solution File, Format Version 12.00
# Visual Studio Version 16
VisualStudioVersion = 16.0.31702.278
MinimumVisualStudioVersion = 10.0.40219.1
Project("{FAE04EC0-301F-11D3-BF4B-00C04F79EFBC}") = "JeuDeCarte", "JeuDeCarte\JeuDeCarte.csproj", "{9920D955-BAC4-458F-B68B-B97ECD2A49F6}"
EndProject
Global
	GlobalSection(SolutionConfigurationPlatforms) = preSolution
		Debug|Any CPU = Debug|Any CPU
		Release|Any CPU = Release|Any CPU
	EndGlobalSection
	GlobalSection(ProjectConfigurationPlatforms) = postSolution
		{9920D955-BAC4-458F-B68B-B97ECD2A49F6}.Debug|Any CPU.ActiveCfg = Debug|Any CPU
		{9920D955-BAC4-458F-B68B-B97ECD2A49F6}.Debug|Any CPU.Build.0 = Debug|Any CPU
		{9920D955-BAC4-458F-B68B-B97ECD2A49F6}.Release|Any CPU.ActiveCfg = Release|Any CPU
		{9920D955-BAC4-458F-B68B-B97ECD2A49F6}.Release|Any CPU.Build.0 = Release|Any CPU
	EndGlobalSection
	GlobalSection(SolutionProperties) = preSolution
		HideSolutionNode = FALSE
	EndGlobalSection
	GlobalSection(ExtensibilityGlobals) = postSolution
		SolutionGuid = {C4D3641B-65CB-473F-A413-1B408F398384}
	EndGlobalSection
EndGlobal
